
Microsoft Visual Studio Solution File, Format Version 12.00
# Visual Studio 14
VisualStudioVersion = 14.0.25420.1
MinimumVisualStudioVersion = 10.0.40219.1
Project("{FAE04EC0-301F-11D3-BF4B-00C04F79EFBC}") = "Lab1", "Test\Lab1.csproj", "{19C6544F-9F5A-442F-A00F-3BC87F64C099}"
EndProject
Project("{FAE04EC0-301F-11D3-BF4B-00C04F79EFBC}") = "Lab2", "Lab2\Lab2.csproj", "{0316F68F-3C4B-4F14-9D00-78E5E2A28A06}"
EndProject
Project("{FAE04EC0-301F-11D3-BF4B-00C04F79EFBC}") = "Lab3", "Lab3\Lab3.csproj", "{59CFE0FE-79CA-4E1A-9936-C6EF31F01F2D}"
EndProject
Project("{FAE04EC0-301F-11D3-BF4B-00C04F79EFBC}") = "Lab4_C++", "Lab4_C++\Lab4_C++.csproj", "{7DE4BCA5-6D39-40D9-89C8-0009C5D758C8}"
EndProject
Project("{FAE04EC0-301F-11D3-BF4B-00C04F79EFBC}") = "Lab5_C++", "Lab5_C++\Lab5_C++.csproj", "{317F7669-6D77-432B-A6B4-C925718E5368}"
EndProject
Project("{FAE04EC0-301F-11D3-BF4B-00C04F79EFBC}") = "Lab7-8_C++", "Lab7-8_C++\Lab7-8_C++.csproj", "{F4FBE961-A46E-4464-88B6-4AD0B127F3E0}"
EndProject
Project("{FAE04EC0-301F-11D3-BF4B-00C04F79EFBC}") = "Lab9-Listener", "Lab9-Listener\Lab9-Listener.csproj", "{D52B7C88-E59A-4306-A960-FF9868F96F86}"
EndProject
Project("{FAE04EC0-301F-11D3-BF4B-00C04F79EFBC}") = "Lab9-Sender", "Lab9-Sender\Lab9-Sender.csproj", "{27076ECE-C9C9-4E7E-A36F-D47AEDBA8FBD}"
EndProject
Project("{FAE04EC0-301F-11D3-BF4B-00C04F79EFBC}") = "Lab5-6-Sender", "Lab5-6-Sender\Lab5-6-Sender.csproj", "{0113B34B-9D98-4826-BBEB-3C6D53930E6F}"
EndProject
Project("{FAE04EC0-301F-11D3-BF4B-00C04F79EFBC}") = "Lab5-6-Listener", "Lab5-6-Listener\Lab5-6-Listener.csproj", "{5887208F-9FA6-48C4-A255-F157D6A9BD48}"
EndProject
Project("{FAE04EC0-301F-11D3-BF4B-00C04F79EFBC}") = "Lab4C++", "Lab4C++\Lab4C++.csproj", "{EE7AB329-A7E5-454F-A71E-B223BEBD2CF0}"
EndProject
Global
	GlobalSection(SolutionConfigurationPlatforms) = preSolution
		Debug|Any CPU = Debug|Any CPU
		Debug|ARM = Debug|ARM
		Debug|x64 = Debug|x64
		Debug|x86 = Debug|x86
		Release|Any CPU = Release|Any CPU
		Release|ARM = Release|ARM
		Release|x64 = Release|x64
		Release|x86 = Release|x86
	EndGlobalSection
	GlobalSection(ProjectConfigurationPlatforms) = postSolution
		{19C6544F-9F5A-442F-A00F-3BC87F64C099}.Debug|Any CPU.ActiveCfg = Debug|Any CPU
		{19C6544F-9F5A-442F-A00F-3BC87F64C099}.Debug|Any CPU.Build.0 = Debug|Any CPU
		{19C6544F-9F5A-442F-A00F-3BC87F64C099}.Debug|ARM.ActiveCfg = Debug|Any CPU
		{19C6544F-9F5A-442F-A00F-3BC87F64C099}.Debug|ARM.Build.0 = Debug|Any CPU
		{19C6544F-9F5A-442F-A00F-3BC87F64C099}.Debug|x64.ActiveCfg = Debug|Any CPU
		{19C6544F-9F5A-442F-A00F-3BC87F64C099}.Debug|x64.Build.0 = Debug|Any CPU
		{19C6544F-9F5A-442F-A00F-3BC87F64C099}.Debug|x86.ActiveCfg = Debug|Any CPU
		{19C6544F-9F5A-442F-A00F-3BC87F64C099}.Debug|x86.Build.0 = Debug|Any CPU
		{19C6544F-9F5A-442F-A00F-3BC87F64C099}.Release|Any CPU.ActiveCfg = Release|Any CPU
		{19C6544F-9F5A-442F-A00F-3BC87F64C099}.Release|Any CPU.Build.0 = Release|Any CPU
		{19C6544F-9F5A-442F-A00F-3BC87F64C099}.Release|ARM.ActiveCfg = Release|Any CPU
		{19C6544F-9F5A-442F-A00F-3BC87F64C099}.Release|ARM.Build.0 = Release|Any CPU
		{19C6544F-9F5A-442F-A00F-3BC87F64C099}.Release|x64.ActiveCfg = Release|Any CPU
		{19C6544F-9F5A-442F-A00F-3BC87F64C099}.Release|x64.Build.0 = Release|Any CPU
		{19C6544F-9F5A-442F-A00F-3BC87F64C099}.Release|x86.ActiveCfg = Release|Any CPU
		{19C6544F-9F5A-442F-A00F-3BC87F64C099}.Release|x86.Build.0 = Release|Any CPU
		{0316F68F-3C4B-4F14-9D00-78E5E2A28A06}.Debug|Any CPU.ActiveCfg = Debug|Any CPU
		{0316F68F-3C4B-4F14-9D00-78E5E2A28A06}.Debug|Any CPU.Build.0 = Debug|Any CPU
		{0316F68F-3C4B-4F14-9D00-78E5E2A28A06}.Debug|ARM.ActiveCfg = Debug|Any CPU
		{0316F68F-3C4B-4F14-9D00-78E5E2A28A06}.Debug|ARM.Build.0 = Debug|Any CPU
		{0316F68F-3C4B-4F14-9D00-78E5E2A28A06}.Debug|x64.ActiveCfg = Debug|Any CPU
		{0316F68F-3C4B-4F14-9D00-78E5E2A28A06}.Debug|x64.Build.0 = Debug|Any CPU
		{0316F68F-3C4B-4F14-9D00-78E5E2A28A06}.Debug|x86.ActiveCfg = Debug|Any CPU
		{0316F68F-3C4B-4F14-9D00-78E5E2A28A06}.Debug|x86.Build.0 = Debug|Any CPU
		{0316F68F-3C4B-4F14-9D00-78E5E2A28A06}.Release|Any CPU.ActiveCfg = Release|Any CPU
		{0316F68F-3C4B-4F14-9D00-78E5E2A28A06}.Release|Any CPU.Build.0 = Release|Any CPU
		{0316F68F-3C4B-4F14-9D00-78E5E2A28A06}.Release|ARM.ActiveCfg = Release|Any CPU
		{0316F68F-3C4B-4F14-9D00-78E5E2A28A06}.Release|ARM.Build.0 = Release|Any CPU
		{0316F68F-3C4B-4F14-9D00-78E5E2A28A06}.Release|x64.ActiveCfg = Release|Any CPU
		{0316F68F-3C4B-4F14-9D00-78E5E2A28A06}.Release|x64.Build.0 = Release|Any CPU
		{0316F68F-3C4B-4F14-9D00-78E5E2A28A06}.Release|x86.ActiveCfg = Release|Any CPU
		{0316F68F-3C4B-4F14-9D00-78E5E2A28A06}.Release|x86.Build.0 = Release|Any CPU
		{59CFE0FE-79CA-4E1A-9936-C6EF31F01F2D}.Debug|Any CPU.ActiveCfg = Debug|Any CPU
		{59CFE0FE-79CA-4E1A-9936-C6EF31F01F2D}.Debug|Any CPU.Build.0 = Debug|Any CPU
		{59CFE0FE-79CA-4E1A-9936-C6EF31F01F2D}.Debug|ARM.ActiveCfg = Debug|Any CPU
		{59CFE0FE-79CA-4E1A-9936-C6EF31F01F2D}.Debug|ARM.Build.0 = Debug|Any CPU
		{59CFE0FE-79CA-4E1A-9936-C6EF31F01F2D}.Debug|x64.ActiveCfg = Debug|Any CPU
		{59CFE0FE-79CA-4E1A-9936-C6EF31F01F2D}.Debug|x64.Build.0 = Debug|Any CPU
		{59CFE0FE-79CA-4E1A-9936-C6EF31F01F2D}.Debug|x86.ActiveCfg = Debug|Any CPU
		{59CFE0FE-79CA-4E1A-9936-C6EF31F01F2D}.Debug|x86.Build.0 = Debug|Any CPU
		{59CFE0FE-79CA-4E1A-9936-C6EF31F01F2D}.Release|Any CPU.ActiveCfg = Release|Any CPU
		{59CFE0FE-79CA-4E1A-9936-C6EF31F01F2D}.Release|Any CPU.Build.0 = Release|Any CPU
		{59CFE0FE-79CA-4E1A-9936-C6EF31F01F2D}.Release|ARM.ActiveCfg = Release|Any CPU
		{59CFE0FE-79CA-4E1A-9936-C6EF31F01F2D}.Release|ARM.Build.0 = Release|Any CPU
		{59CFE0FE-79CA-4E1A-9936-C6EF31F01F2D}.Release|x64.ActiveCfg = Release|Any CPU
		{59CFE0FE-79CA-4E1A-9936-C6EF31F01F2D}.Release|x64.Build.0 = Release|Any CPU
		{59CFE0FE-79CA-4E1A-9936-C6EF31F01F2D}.Release|x86.ActiveCfg = Release|Any CPU
		{59CFE0FE-79CA-4E1A-9936-C6EF31F01F2D}.Release|x86.Build.0 = Release|Any CPU
		{7DE4BCA5-6D39-40D9-89C8-0009C5D758C8}.Debug|Any CPU.ActiveCfg = Debug|Any CPU
		{7DE4BCA5-6D39-40D9-89C8-0009C5D758C8}.Debug|Any CPU.Build.0 = Debug|Any CPU
		{7DE4BCA5-6D39-40D9-89C8-0009C5D758C8}.Debug|ARM.ActiveCfg = Debug|Any CPU
		{7DE4BCA5-6D39-40D9-89C8-0009C5D758C8}.Debug|ARM.Build.0 = Debug|Any CPU
		{7DE4BCA5-6D39-40D9-89C8-0009C5D758C8}.Debug|x64.ActiveCfg = Debug|Any CPU
		{7DE4BCA5-6D39-40D9-89C8-0009C5D758C8}.Debug|x64.Build.0 = Debug|Any CPU
		{7DE4BCA5-6D39-40D9-89C8-0009C5D758C8}.Debug|x86.ActiveCfg = Debug|Any CPU
		{7DE4BCA5-6D39-40D9-89C8-0009C5D758C8}.Debug|x86.Build.0 = Debug|Any CPU
		{7DE4BCA5-6D39-40D9-89C8-0009C5D758C8}.Release|Any CPU.ActiveCfg = Release|Any CPU
		{7DE4BCA5-6D39-40D9-89C8-0009C5D758C8}.Release|Any CPU.Build.0 = Release|Any CPU
		{7DE4BCA5-6D39-40D9-89C8-0009C5D758C8}.Release|ARM.ActiveCfg = Release|Any CPU
		{7DE4BCA5-6D39-40D9-89C8-0009C5D758C8}.Release|ARM.Build.0 = Release|Any CPU
		{7DE4BCA5-6D39-40D9-89C8-0009C5D758C8}.Release|x64.ActiveCfg = Release|Any CPU
		{7DE4BCA5-6D39-40D9-89C8-0009C5D758C8}.Release|x64.Build.0 = Release|Any CPU
		{7DE4BCA5-6D39-40D9-89C8-0009C5D758C8}.Release|x86.ActiveCfg = Release|Any CPU
		{7DE4BCA5-6D39-40D9-89C8-0009C5D758C8}.Release|x86.Build.0 = Release|Any CPU
		{317F7669-6D77-432B-A6B4-C925718E5368}.Debug|Any CPU.ActiveCfg = Debug|Any CPU
		{317F7669-6D77-432B-A6B4-C925718E5368}.Debug|Any CPU.Build.0 = Debug|Any CPU
		{317F7669-6D77-432B-A6B4-C925718E5368}.Debug|ARM.ActiveCfg = Debug|Any CPU
		{317F7669-6D77-432B-A6B4-C925718E5368}.Debug|ARM.Build.0 = Debug|Any CPU
		{317F7669-6D77-432B-A6B4-C925718E5368}.Debug|x64.ActiveCfg = Debug|Any CPU
		{317F7669-6D77-432B-A6B4-C925718E5368}.Debug|x64.Build.0 = Debug|Any CPU
		{317F7669-6D77-432B-A6B4-C925718E5368}.Debug|x86.ActiveCfg = Debug|Any CPU
		{317F7669-6D77-432B-A6B4-C925718E5368}.Debug|x86.Build.0 = Debug|Any CPU
		{317F7669-6D77-432B-A6B4-C925718E5368}.Release|Any CPU.ActiveCfg = Release|Any CPU
		{317F7669-6D77-432B-A6B4-C925718E5368}.Release|Any CPU.Build.0 = Release|Any CPU
		{317F7669-6D77-432B-A6B4-C925718E5368}.Release|ARM.ActiveCfg = Release|Any CPU
		{317F7669-6D77-432B-A6B4-C925718E5368}.Release|ARM.Build.0 = Release|Any CPU
		{317F7669-6D77-432B-A6B4-C925718E5368}.Release|x64.ActiveCfg = Release|Any CPU
		{317F7669-6D77-432B-A6B4-C925718E5368}.Release|x64.Build.0 = Release|Any CPU
		{317F7669-6D77-432B-A6B4-C925718E5368}.Release|x86.ActiveCfg = Release|Any CPU
		{317F7669-6D77-432B-A6B4-C925718E5368}.Release|x86.Build.0 = Release|Any CPU
		{F4FBE961-A46E-4464-88B6-4AD0B127F3E0}.Debug|Any CPU.ActiveCfg = Debug|Any CPU
		{F4FBE961-A46E-4464-88B6-4AD0B127F3E0}.Debug|Any CPU.Build.0 = Debug|Any CPU
		{F4FBE961-A46E-4464-88B6-4AD0B127F3E0}.Debug|ARM.ActiveCfg = Debug|Any CPU
		{F4FBE961-A46E-4464-88B6-4AD0B127F3E0}.Debug|ARM.Build.0 = Debug|Any CPU
		{F4FBE961-A46E-4464-88B6-4AD0B127F3E0}.Debug|x64.ActiveCfg = Debug|Any CPU
		{F4FBE961-A46E-4464-88B6-4AD0B127F3E0}.Debug|x64.Build.0 = Debug|Any CPU
		{F4FBE961-A46E-4464-88B6-4AD0B127F3E0}.Debug|x86.ActiveCfg = Debug|Any CPU
		{F4FBE961-A46E-4464-88B6-4AD0B127F3E0}.Debug|x86.Build.0 = Debug|Any CPU
		{F4FBE961-A46E-4464-88B6-4AD0B127F3E0}.Release|Any CPU.ActiveCfg = Release|Any CPU
		{F4FBE961-A46E-4464-88B6-4AD0B127F3E0}.Release|Any CPU.Build.0 = Release|Any CPU
		{F4FBE961-A46E-4464-88B6-4AD0B127F3E0}.Release|ARM.ActiveCfg = Release|Any CPU
		{F4FBE961-A46E-4464-88B6-4AD0B127F3E0}.Release|ARM.Build.0 = Release|Any CPU
		{F4FBE961-A46E-4464-88B6-4AD0B127F3E0}.Release|x64.ActiveCfg = Release|Any CPU
		{F4FBE961-A46E-4464-88B6-4AD0B127F3E0}.Release|x64.Build.0 = Release|Any CPU
		{F4FBE961-A46E-4464-88B6-4AD0B127F3E0}.Release|x86.ActiveCfg = Release|Any CPU
		{F4FBE961-A46E-4464-88B6-4AD0B127F3E0}.Release|x86.Build.0 = Release|Any CPU
		{D52B7C88-E59A-4306-A960-FF9868F96F86}.Debug|Any CPU.ActiveCfg = Debug|Any CPU
		{D52B7C88-E59A-4306-A960-FF9868F96F86}.Debug|Any CPU.Build.0 = Debug|Any CPU
		{D52B7C88-E59A-4306-A960-FF9868F96F86}.Debug|ARM.ActiveCfg = Debug|Any CPU
		{D52B7C88-E59A-4306-A960-FF9868F96F86}.Debug|ARM.Build.0 = Debug|Any CPU
		{D52B7C88-E59A-4306-A960-FF9868F96F86}.Debug|x64.ActiveCfg = Debug|Any CPU
		{D52B7C88-E59A-4306-A960-FF9868F96F86}.Debug|x64.Build.0 = Debug|Any CPU
		{D52B7C88-E59A-4306-A960-FF9868F96F86}.Debug|x86.ActiveCfg = Debug|Any CPU
		{D52B7C88-E59A-4306-A960-FF9868F96F86}.Debug|x86.Build.0 = Debug|Any CPU
		{D52B7C88-E59A-4306-A960-FF9868F96F86}.Release|Any CPU.ActiveCfg = Release|Any CPU
		{D52B7C88-E59A-4306-A960-FF9868F96F86}.Release|Any CPU.Build.0 = Release|Any CPU
		{D52B7C88-E59A-4306-A960-FF9868F96F86}.Release|ARM.ActiveCfg = Release|Any CPU
		{D52B7C88-E59A-4306-A960-FF9868F96F86}.Release|ARM.Build.0 = Release|Any CPU
		{D52B7C88-E59A-4306-A960-FF9868F96F86}.Release|x64.ActiveCfg = Release|Any CPU
		{D52B7C88-E59A-4306-A960-FF9868F96F86}.Release|x64.Build.0 = Release|Any CPU
		{D52B7C88-E59A-4306-A960-FF9868F96F86}.Release|x86.ActiveCfg = Release|Any CPU
		{D52B7C88-E59A-4306-A960-FF9868F96F86}.Release|x86.Build.0 = Release|Any CPU
		{27076ECE-C9C9-4E7E-A36F-D47AEDBA8FBD}.Debug|Any CPU.ActiveCfg = Debug|Any CPU
		{27076ECE-C9C9-4E7E-A36F-D47AEDBA8FBD}.Debug|Any CPU.Build.0 = Debug|Any CPU
		{27076ECE-C9C9-4E7E-A36F-D47AEDBA8FBD}.Debug|ARM.ActiveCfg = Debug|Any CPU
		{27076ECE-C9C9-4E7E-A36F-D47AEDBA8FBD}.Debug|ARM.Build.0 = Debug|Any CPU
		{27076ECE-C9C9-4E7E-A36F-D47AEDBA8FBD}.Debug|x64.ActiveCfg = Debug|Any CPU
		{27076ECE-C9C9-4E7E-A36F-D47AEDBA8FBD}.Debug|x64.Build.0 = Debug|Any CPU
		{27076ECE-C9C9-4E7E-A36F-D47AEDBA8FBD}.Debug|x86.ActiveCfg = Debug|Any CPU
		{27076ECE-C9C9-4E7E-A36F-D47AEDBA8FBD}.Debug|x86.Build.0 = Debug|Any CPU
		{27076ECE-C9C9-4E7E-A36F-D47AEDBA8FBD}.Release|Any CPU.ActiveCfg = Release|Any CPU
		{27076ECE-C9C9-4E7E-A36F-D47AEDBA8FBD}.Release|Any CPU.Build.0 = Release|Any CPU
		{27076ECE-C9C9-4E7E-A36F-D47AEDBA8FBD}.Release|ARM.ActiveCfg = Release|Any CPU
		{27076ECE-C9C9-4E7E-A36F-D47AEDBA8FBD}.Release|ARM.Build.0 = Release|Any CPU
		{27076ECE-C9C9-4E7E-A36F-D47AEDBA8FBD}.Release|x64.ActiveCfg = Release|Any CPU
		{27076ECE-C9C9-4E7E-A36F-D47AEDBA8FBD}.Release|x64.Build.0 = Release|Any CPU
		{27076ECE-C9C9-4E7E-A36F-D47AEDBA8FBD}.Release|x86.ActiveCfg = Release|Any CPU
		{27076ECE-C9C9-4E7E-A36F-D47AEDBA8FBD}.Release|x86.Build.0 = Release|Any CPU
		{0113B34B-9D98-4826-BBEB-3C6D53930E6F}.Debug|Any CPU.ActiveCfg = Debug|Any CPU
		{0113B34B-9D98-4826-BBEB-3C6D53930E6F}.Debug|Any CPU.Build.0 = Debug|Any CPU
		{0113B34B-9D98-4826-BBEB-3C6D53930E6F}.Debug|ARM.ActiveCfg = Debug|Any CPU
		{0113B34B-9D98-4826-BBEB-3C6D53930E6F}.Debug|ARM.Build.0 = Debug|Any CPU
		{0113B34B-9D98-4826-BBEB-3C6D53930E6F}.Debug|x64.ActiveCfg = Debug|Any CPU
		{0113B34B-9D98-4826-BBEB-3C6D53930E6F}.Debug|x64.Build.0 = Debug|Any CPU
		{0113B34B-9D98-4826-BBEB-3C6D53930E6F}.Debug|x86.ActiveCfg = Debug|Any CPU
		{0113B34B-9D98-4826-BBEB-3C6D53930E6F}.Debug|x86.Build.0 = Debug|Any CPU
		{0113B34B-9D98-4826-BBEB-3C6D53930E6F}.Release|Any CPU.ActiveCfg = Release|Any CPU
		{0113B34B-9D98-4826-BBEB-3C6D53930E6F}.Release|Any CPU.Build.0 = Release|Any CPU
		{0113B34B-9D98-4826-BBEB-3C6D53930E6F}.Release|ARM.ActiveCfg = Release|Any CPU
		{0113B34B-9D98-4826-BBEB-3C6D53930E6F}.Release|ARM.Build.0 = Release|Any CPU
		{0113B34B-9D98-4826-BBEB-3C6D53930E6F}.Release|x64.ActiveCfg = Release|Any CPU
		{0113B34B-9D98-4826-BBEB-3C6D53930E6F}.Release|x64.Build.0 = Release|Any CPU
		{0113B34B-9D98-4826-BBEB-3C6D53930E6F}.Release|x86.ActiveCfg = Release|Any CPU
		{0113B34B-9D98-4826-BBEB-3C6D53930E6F}.Release|x86.Build.0 = Release|Any CPU
		{5887208F-9FA6-48C4-A255-F157D6A9BD48}.Debug|Any CPU.ActiveCfg = Debug|Any CPU
		{5887208F-9FA6-48C4-A255-F157D6A9BD48}.Debug|Any CPU.Build.0 = Debug|Any CPU
		{5887208F-9FA6-48C4-A255-F157D6A9BD48}.Debug|ARM.ActiveCfg = Debug|Any CPU
		{5887208F-9FA6-48C4-A255-F157D6A9BD48}.Debug|ARM.Build.0 = Debug|Any CPU
		{5887208F-9FA6-48C4-A255-F157D6A9BD48}.Debug|x64.ActiveCfg = Debug|Any CPU
		{5887208F-9FA6-48C4-A255-F157D6A9BD48}.Debug|x64.Build.0 = Debug|Any CPU
		{5887208F-9FA6-48C4-A255-F157D6A9BD48}.Debug|x86.ActiveCfg = Debug|Any CPU
		{5887208F-9FA6-48C4-A255-F157D6A9BD48}.Debug|x86.Build.0 = Debug|Any CPU
		{5887208F-9FA6-48C4-A255-F157D6A9BD48}.Release|Any CPU.ActiveCfg = Release|Any CPU
		{5887208F-9FA6-48C4-A255-F157D6A9BD48}.Release|Any CPU.Build.0 = Release|Any CPU
		{5887208F-9FA6-48C4-A255-F157D6A9BD48}.Release|ARM.ActiveCfg = Release|Any CPU
		{5887208F-9FA6-48C4-A255-F157D6A9BD48}.Release|ARM.Build.0 = Release|Any CPU
		{5887208F-9FA6-48C4-A255-F157D6A9BD48}.Release|x64.ActiveCfg = Release|Any CPU
		{5887208F-9FA6-48C4-A255-F157D6A9BD48}.Release|x64.Build.0 = Release|Any CPU
		{5887208F-9FA6-48C4-A255-F157D6A9BD48}.Release|x86.ActiveCfg = Release|Any CPU
		{5887208F-9FA6-48C4-A255-F157D6A9BD48}.Release|x86.Build.0 = Release|Any CPU
		{EE7AB329-A7E5-454F-A71E-B223BEBD2CF0}.Debug|Any CPU.ActiveCfg = Debug|Any CPU
		{EE7AB329-A7E5-454F-A71E-B223BEBD2CF0}.Debug|Any CPU.Build.0 = Debug|Any CPU
		{EE7AB329-A7E5-454F-A71E-B223BEBD2CF0}.Debug|ARM.ActiveCfg = Debug|Any CPU
		{EE7AB329-A7E5-454F-A71E-B223BEBD2CF0}.Debug|ARM.Build.0 = Debug|Any CPU
		{EE7AB329-A7E5-454F-A71E-B223BEBD2CF0}.Debug|x64.ActiveCfg = Debug|Any CPU
		{EE7AB329-A7E5-454F-A71E-B223BEBD2CF0}.Debug|x64.Build.0 = Debug|Any CPU
		{EE7AB329-A7E5-454F-A71E-B223BEBD2CF0}.Debug|x86.ActiveCfg = Debug|Any CPU
		{EE7AB329-A7E5-454F-A71E-B223BEBD2CF0}.Debug|x86.Build.0 = Debug|Any CPU
		{EE7AB329-A7E5-454F-A71E-B223BEBD2CF0}.Release|Any CPU.ActiveCfg = Release|Any CPU
		{EE7AB329-A7E5-454F-A71E-B223BEBD2CF0}.Release|Any CPU.Build.0 = Release|Any CPU
		{EE7AB329-A7E5-454F-A71E-B223BEBD2CF0}.Release|ARM.ActiveCfg = Release|Any CPU
		{EE7AB329-A7E5-454F-A71E-B223BEBD2CF0}.Release|ARM.Build.0 = Release|Any CPU
		{EE7AB329-A7E5-454F-A71E-B223BEBD2CF0}.Release|x64.ActiveCfg = Release|Any CPU
		{EE7AB329-A7E5-454F-A71E-B223BEBD2CF0}.Release|x64.Build.0 = Release|Any CPU
		{EE7AB329-A7E5-454F-A71E-B223BEBD2CF0}.Release|x86.ActiveCfg = Release|Any CPU
		{EE7AB329-A7E5-454F-A71E-B223BEBD2CF0}.Release|x86.Build.0 = Release|Any CPU
	EndGlobalSection
	GlobalSection(SolutionProperties) = preSolution
		HideSolutionNode = FALSE
	EndGlobalSection
EndGlobal
